
Microsoft Visual Studio Solution File, Format Version 12.00
# Visual Studio Version 16
VisualStudioVersion = 16.0.32106.194
MinimumVisualStudioVersion = 10.0.40219.1
Project("{8BC9CEB8-8B4A-11D0-8D11-00A0C91BC942}") = "treeAndhesh", "treeAndhesh\treeAndhesh.vcxproj", "{3698BE2F-AAFD-4DC1-81CD-C74EFF67B3BA}"
EndProject
Global
	GlobalSection(SolutionConfigurationPlatforms) = preSolution
		Debug|x64 = Debug|x64
		Debug|x86 = Debug|x86
		Release|x64 = Release|x64
		Release|x86 = Release|x86
	EndGlobalSection
	GlobalSection(ProjectConfigurationPlatforms) = postSolution
		{3698BE2F-AAFD-4DC1-81CD-C74EFF67B3BA}.Debug|x64.ActiveCfg = Debug|x64
		{3698BE2F-AAFD-4DC1-81CD-C74EFF67B3BA}.Debug|x64.Build.0 = Debug|x64
		{3698BE2F-AAFD-4DC1-81CD-C74EFF67B3BA}.Debug|x86.ActiveCfg = Debug|Win32
		{3698BE2F-AAFD-4DC1-81CD-C74EFF67B3BA}.Debug|x86.Build.0 = Debug|Win32
		{3698BE2F-AAFD-4DC1-81CD-C74EFF67B3BA}.Release|x64.ActiveCfg = Release|x64
		{3698BE2F-AAFD-4DC1-81CD-C74EFF67B3BA}.Release|x64.Build.0 = Release|x64
		{3698BE2F-AAFD-4DC1-81CD-C74EFF67B3BA}.Release|x86.ActiveCfg = Release|Win32
		{3698BE2F-AAFD-4DC1-81CD-C74EFF67B3BA}.Release|x86.Build.0 = Release|Win32
	EndGlobalSection
	GlobalSection(SolutionProperties) = preSolution
		HideSolutionNode = FALSE
	EndGlobalSection
	GlobalSection(ExtensibilityGlobals) = postSolution
		SolutionGuid = {BC45D401-EEE6-442E-9AA7-B1174302A09E}
	EndGlobalSection
EndGlobal
